
Microsoft Visual Studio Solution File, Format Version 12.00
# Visual Studio 14
VisualStudioVersion = 14.0.23107.0
MinimumVisualStudioVersion = 10.0.40219.1
Project("{FAE04EC0-301F-11D3-BF4B-00C04F79EFBC}") = "Toutokaz.Domain", "Toutokaz.Domain\Toutokaz.Domain.csproj", "{CCE9D90B-6B87-4AC9-8294-8934F2BAE5F8}"
EndProject
Project("{FAE04EC0-301F-11D3-BF4B-00C04F79EFBC}") = "Toutokaz.Data", "Toutokaz.Data\Toutokaz.Data.csproj", "{F7DB4741-6952-43C9-8B6D-BACA993E2E17}"
EndProject
Project("{FAE04EC0-301F-11D3-BF4B-00C04F79EFBC}") = "Toutokaz.WebUI", "Toutokaz.WebUI\Toutokaz.WebUI.csproj", "{23B491BD-DA86-4142-8734-CAD370D8EEFB}"
EndProject
Project("{FAE04EC0-301F-11D3-BF4B-00C04F79EFBC}") = "Toutokazz.WebAPI", "Toutokazz.WebAPI\Toutokazz.WebAPI.csproj", "{C4D6B17E-F7BE-4570-9DA3-8B3AAA730246}"
EndProject
Project("{FAE04EC0-301F-11D3-BF4B-00C04F79EFBC}") = "Toutokaz.MobileUI", "Toutokaz.MobileUI\Toutokaz.MobileUI.csproj", "{418C29DC-034C-4CF6-A439-9F2E54C4E79C}"
EndProject
Global
	GlobalSection(SolutionConfigurationPlatforms) = preSolution
		Debug|Any CPU = Debug|Any CPU
		Release|Any CPU = Release|Any CPU
	EndGlobalSection
	GlobalSection(ProjectConfigurationPlatforms) = postSolution
		{CCE9D90B-6B87-4AC9-8294-8934F2BAE5F8}.Debug|Any CPU.ActiveCfg = Debug|Any CPU
		{CCE9D90B-6B87-4AC9-8294-8934F2BAE5F8}.Debug|Any CPU.Build.0 = Debug|Any CPU
		{CCE9D90B-6B87-4AC9-8294-8934F2BAE5F8}.Release|Any CPU.ActiveCfg = Release|Any CPU
		{CCE9D90B-6B87-4AC9-8294-8934F2BAE5F8}.Release|Any CPU.Build.0 = Release|Any CPU
		{F7DB4741-6952-43C9-8B6D-BACA993E2E17}.Debug|Any CPU.ActiveCfg = Debug|Any CPU
		{F7DB4741-6952-43C9-8B6D-BACA993E2E17}.Debug|Any CPU.Build.0 = Debug|Any CPU
		{F7DB4741-6952-43C9-8B6D-BACA993E2E17}.Release|Any CPU.ActiveCfg = Release|Any CPU
		{F7DB4741-6952-43C9-8B6D-BACA993E2E17}.Release|Any CPU.Build.0 = Release|Any CPU
		{23B491BD-DA86-4142-8734-CAD370D8EEFB}.Debug|Any CPU.ActiveCfg = Debug|Any CPU
		{23B491BD-DA86-4142-8734-CAD370D8EEFB}.Debug|Any CPU.Build.0 = Debug|Any CPU
		{23B491BD-DA86-4142-8734-CAD370D8EEFB}.Release|Any CPU.ActiveCfg = Release|Any CPU
		{23B491BD-DA86-4142-8734-CAD370D8EEFB}.Release|Any CPU.Build.0 = Release|Any CPU
		{C4D6B17E-F7BE-4570-9DA3-8B3AAA730246}.Debug|Any CPU.ActiveCfg = Debug|Any CPU
		{C4D6B17E-F7BE-4570-9DA3-8B3AAA730246}.Debug|Any CPU.Build.0 = Debug|Any CPU
		{C4D6B17E-F7BE-4570-9DA3-8B3AAA730246}.Release|Any CPU.ActiveCfg = Release|Any CPU
		{C4D6B17E-F7BE-4570-9DA3-8B3AAA730246}.Release|Any CPU.Build.0 = Release|Any CPU
		{418C29DC-034C-4CF6-A439-9F2E54C4E79C}.Debug|Any CPU.ActiveCfg = Debug|Any CPU
		{418C29DC-034C-4CF6-A439-9F2E54C4E79C}.Debug|Any CPU.Build.0 = Debug|Any CPU
		{418C29DC-034C-4CF6-A439-9F2E54C4E79C}.Release|Any CPU.ActiveCfg = Release|Any CPU
		{418C29DC-034C-4CF6-A439-9F2E54C4E79C}.Release|Any CPU.Build.0 = Release|Any CPU
	EndGlobalSection
	GlobalSection(SolutionProperties) = preSolution
		HideSolutionNode = FALSE
	EndGlobalSection
EndGlobal
